
Microsoft Visual Studio Solution File, Format Version 12.00
# Visual Studio Version 17
VisualStudioVersion = 17.8.34316.72
MinimumVisualStudioVersion = 10.0.40219.1
Project("{FAE04EC0-301F-11D3-BF4B-00C04F79EFBC}") = "ConsoleApp13", "ConsoleApp13\ConsoleApp13.csproj", "{1FE16454-BE74-434F-8D27-75E6A2392D44}"
EndProject
Global
	GlobalSection(SolutionConfigurationPlatforms) = preSolution
		Debug|Any CPU = Debug|Any CPU
		Release|Any CPU = Release|Any CPU
	EndGlobalSection
	GlobalSection(ProjectConfigurationPlatforms) = postSolution
		{1FE16454-BE74-434F-8D27-75E6A2392D44}.Debug|Any CPU.ActiveCfg = Debug|Any CPU
		{1FE16454-BE74-434F-8D27-75E6A2392D44}.Debug|Any CPU.Build.0 = Debug|Any CPU
		{1FE16454-BE74-434F-8D27-75E6A2392D44}.Release|Any CPU.ActiveCfg = Release|Any CPU
		{1FE16454-BE74-434F-8D27-75E6A2392D44}.Release|Any CPU.Build.0 = Release|Any CPU
	EndGlobalSection
	GlobalSection(SolutionProperties) = preSolution
		HideSolutionNode = FALSE
	EndGlobalSection
	GlobalSection(ExtensibilityGlobals) = postSolution
		SolutionGuid = {ED60A87D-48BD-4E5A-8293-1656F7E9077F}
	EndGlobalSection
EndGlobal
